// !$*UTF8*$!
{
	archiveVersion = 1;
	classes = {
	};
	objectVersion = 56;
	objects = {

/* Begin PBXBuildFile section */
		1C0FCEBC2EAD9EF9002B14D6 /* WhatEatingAppTests.swift in Sources */ = {isa = PBXBuildFile; fileRef = 1C0FCEBB2EAD9EF9002B14D6 /* WhatEatingAppTests.swift */; };
		1C0FCEC62EAD9EF9002B14D6 /* WhatEatingAppUITests.swift in Sources */ = {isa = PBXBuildFile; fileRef = 1C0FCEC52EAD9EF9002B14D6 /* WhatEatingAppUITests.swift */; };
		1C0FCEC82EAD9EF9002B14D6 /* WhatEatingAppUITestsLaunchTests.swift in Sources */ = {isa = PBXBuildFile; fileRef = 1C0FCEC72EAD9EF9002B14D6 /* WhatEatingAppUITestsLaunchTests.swift */; };
		1C0FCF1F2EADB3B3002B14D6 /* WhatEatingAppApp.swift in Sources */ = {isa = PBXBuildFile; fileRef = 1C0FCF0D2EADB3B3002B14D6 /* WhatEatingAppApp.swift */; };
		1C0FCF202EADB3B3002B14D6 /* Assets.xcassets in Resources */ = {isa = PBXBuildFile; fileRef = 1C0FCF0E2EADB3B3002B14D6 /* Assets.xcassets */; };
		1C0FCF212EADB3B3002B14D6 /* Dish.swift in Sources */ = {isa = PBXBuildFile; fileRef = 1C0FCF102EADB3B3002B14D6 /* Dish.swift */; };
		1C0FCF222EADB3B3002B14D6 /* Preview Assets.xcassets in Resources */ = {isa = PBXBuildFile; fileRef = 1C0FCF122EADB3B3002B14D6 /* Preview Assets.xcassets */; };
		1C0FCF232EADB3B3002B14D6 /* MainTabView.swift in Sources */ = {isa = PBXBuildFile; fileRef = 1C0FCF142EADB3B3002B14D6 /* MainTabView.swift */; };
		1C0FCF242EADB3B3002B14D6 /* ResultDisplayView.swift in Sources */ = {isa = PBXBuildFile; fileRef = 1C0FCF152EADB3B3002B14D6 /* ResultDisplayView.swift */; };
		1C0FCF252EADB3B3002B14D6 /* ProfileView.swift in Sources */ = {isa = PBXBuildFile; fileRef = 1C0FCF162EADB3B3002B14D6 /* ProfileView.swift */; };
		1C0FCF262EADB3B3002B14D6 /* HomeView.swift in Sources */ = {isa = PBXBuildFile; fileRef = 1C0FCF172EADB3B3002B14D6 /* HomeView.swift */; };
		1C0FCF272EADB3B3002B14D6 /* ActionButtonView.swift in Sources */ = {isa = PBXBuildFile; fileRef = 1C0FCF182EADB3B3002B14D6 /* ActionButtonView.swift */; };
		1C0FCF282EADB3B3002B14D6 /* HeaderView.swift in Sources */ = {isa = PBXBuildFile; fileRef = 1C0FCF192EADB3B3002B14D6 /* HeaderView.swift */; };
		1C0FCF292EADB3B3002B14D6 /* InputSectionView.swift in Sources */ = {isa = PBXBuildFile; fileRef = 1C0FCF1A2EADB3B3002B14D6 /* InputSectionView.swift */; };
		1C0FCF2A2EADB3B3002B14D6 /* CustomTabBar.swift in Sources */ = {isa = PBXBuildFile; fileRef = 1C0FCF1B2EADB3B3002B14D6 /* CustomTabBar.swift */; };
		1C0FCF2B2EADB3B3002B14D6 /* ContentView.swift in Sources */ = {isa = PBXBuildFile; fileRef = 1C0FCF1C2EADB3B3002B14D6 /* ContentView.swift */; };
		1C0FCF2C2EADB3B3002B14D6 /* APIService.swift in Sources */ = {isa = PBXBuildFile; fileRef = 1C0FCF1E2EADB3B3002B14D6 /* APIService.swift */; };
/* End PBXBuildFile section */

/* Begin PBXContainerItemProxy section */
		1C0FCEB82EAD9EF9002B14D6 /* PBXContainerItemProxy */ = {
			isa = PBXContainerItemProxy;
			containerPortal = 1C0FCE9F2EAD9EF5002B14D6 /* Project object */;
			proxyType = 1;
			remoteGlobalIDString = 1C0FCEA62EAD9EF6002B14D6;
			remoteInfo = WhatEatingApp;
		};
		1C0FCEC22EAD9EF9002B14D6 /* PBXContainerItemProxy */ = {
			isa = PBXContainerItemProxy;
			containerPortal = 1C0FCE9F2EAD9EF5002B14D6 /* Project object */;
			proxyType = 1;
			remoteGlobalIDString = 1C0FCEA62EAD9EF6002B14D6;
			remoteInfo = WhatEatingApp;
		};
/* End PBXContainerItemProxy section */

/* Begin PBXFileReference section */
		1C0FCEA72EAD9EF6002B14D6 /* WhatEatingApp.app */ = {isa = PBXFileReference; explicitFileType = wrapper.application; includeInIndex = 0; path = WhatEatingApp.app; sourceTree = BUILT_PRODUCTS_DIR; };
		1C0FCEB72EAD9EF9002B14D6 /* WhatEatingAppTests.xctest */ = {isa = PBXFileReference; explicitFileType = wrapper.cfbundle; includeInIndex = 0; path = WhatEatingAppTests.xctest; sourceTree = BUILT_PRODUCTS_DIR; };
		1C0FCEBB2EAD9EF9002B14D6 /* WhatEatingAppTests.swift */ = {isa = PBXFileReference; lastKnownFileType = sourcecode.swift; path = WhatEatingAppTests.swift; sourceTree = "<group>"; };
		1C0FCEC12EAD9EF9002B14D6 /* WhatEatingAppUITests.xctest */ = {isa = PBXFileReference; explicitFileType = wrapper.cfbundle; includeInIndex = 0; path = WhatEatingAppUITests.xctest; sourceTree = BUILT_PRODUCTS_DIR; };
		1C0FCEC52EAD9EF9002B14D6 /* WhatEatingAppUITests.swift */ = {isa = PBXFileReference; lastKnownFileType = sourcecode.swift; path = WhatEatingAppUITests.swift; sourceTree = "<group>"; };
		1C0FCEC72EAD9EF9002B14D6 /* WhatEatingAppUITestsLaunchTests.swift */ = {isa = PBXFileReference; lastKnownFileType = sourcecode.swift; path = WhatEatingAppUITestsLaunchTests.swift; sourceTree = "<group>"; };
		1C0FCF0D2EADB3B3002B14D6 /* WhatEatingAppApp.swift */ = {isa = PBXFileReference; fileEncoding = 4; lastKnownFileType = sourcecode.swift; path = WhatEatingAppApp.swift; sourceTree = "<group>"; };
		1C0FCF0E2EADB3B3002B14D6 /* Assets.xcassets */ = {isa = PBXFileReference; lastKnownFileType = folder.assetcatalog; path = Assets.xcassets; sourceTree = "<group>"; };
		1C0FCF102EADB3B3002B14D6 /* Dish.swift */ = {isa = PBXFileReference; fileEncoding = 4; lastKnownFileType = sourcecode.swift; path = Dish.swift; sourceTree = "<group>"; };
		1C0FCF122EADB3B3002B14D6 /* Preview Assets.xcassets */ = {isa = PBXFileReference; lastKnownFileType = folder.assetcatalog; path = "Preview Assets.xcassets"; sourceTree = "<group>"; };
		1C0FCF142EADB3B3002B14D6 /* MainTabView.swift */ = {isa = PBXFileReference; fileEncoding = 4; lastKnownFileType = sourcecode.swift; path = MainTabView.swift; sourceTree = "<group>"; };
		1C0FCF152EADB3B3002B14D6 /* ResultDisplayView.swift */ = {isa = PBXFileReference; fileEncoding = 4; lastKnownFileType = sourcecode.swift; path = ResultDisplayView.swift; sourceTree = "<group>"; };
		1C0FCF162EADB3B3002B14D6 /* ProfileView.swift */ = {isa = PBXFileReference; fileEncoding = 4; lastKnownFileType = sourcecode.swift; path = ProfileView.swift; sourceTree = "<group>"; };
		1C0FCF172EADB3B3002B14D6 /* HomeView.swift */ = {isa = PBXFileReference; fileEncoding = 4; lastKnownFileType = sourcecode.swift; path = HomeView.swift; sourceTree = "<group>"; };
		1C0FCF182EADB3B3002B14D6 /* ActionButtonView.swift */ = {isa = PBXFileReference; fileEncoding = 4; lastKnownFileType = sourcecode.swift; path = ActionButtonView.swift; sourceTree = "<group>"; };
		1C0FCF192EADB3B3002B14D6 /* HeaderView.swift */ = {isa = PBXFileReference; fileEncoding = 4; lastKnownFileType = sourcecode.swift; path = HeaderView.swift; sourceTree = "<group>"; };
		1C0FCF1A2EADB3B3002B14D6 /* InputSectionView.swift */ = {isa = PBXFileReference; fileEncoding = 4; lastKnownFileType = sourcecode.swift; path = InputSectionView.swift; sourceTree = "<group>"; };
		1C0FCF1B2EADB3B3002B14D6 /* CustomTabBar.swift */ = {isa = PBXFileReference; fileEncoding = 4; lastKnownFileType = sourcecode.swift; path = CustomTabBar.swift; sourceTree = "<group>"; };
		1C0FCF1C2EADB3B3002B14D6 /* ContentView.swift */ = {isa = PBXFileReference; fileEncoding = 4; lastKnownFileType = sourcecode.swift; path = ContentView.swift; sourceTree = "<group>"; };
		1C0FCF1E2EADB3B3002B14D6 /* APIService.swift */ = {isa = PBXFileReference; fileEncoding = 4; lastKnownFileType = sourcecode.swift; path = APIService.swift; sourceTree = "<group>"; };
/* End PBXFileReference section */

/* Begin PBXFrameworksBuildPhase section */
		1C0FCEA42EAD9EF6002B14D6 /* Frameworks */ = {
			isa = PBXFrameworksBuildPhase;
			buildActionMask = 2147483647;
			files = (
			);
			runOnlyForDeploymentPostprocessing = 0;
		};
		1C0FCEB42EAD9EF9002B14D6 /* Frameworks */ = {
			isa = PBXFrameworksBuildPhase;
			buildActionMask = 2147483647;
			files = (
			);
			runOnlyForDeploymentPostprocessing = 0;
		};
		1C0FCEBE2EAD9EF9002B14D6 /* Frameworks */ = {
			isa = PBXFrameworksBuildPhase;
			buildActionMask = 2147483647;
			files = (
			);
			runOnlyForDeploymentPostprocessing = 0;
		};
/* End PBXFrameworksBuildPhase section */

/* Begin PBXGroup section */
		1C0FCE9E2EAD9EF5002B14D6 = {
			isa = PBXGroup;
			children = (
				1C0FCF0C2EADB3B3002B14D6 /* WhatEatingApp */,
				1C0FCEBA2EAD9EF9002B14D6 /* WhatEatingAppTests */,
				1C0FCEC42EAD9EF9002B14D6 /* WhatEatingAppUITests */,
				1C0FCEA82EAD9EF6002B14D6 /* Products */,
			);
			sourceTree = "<group>";
		};
		1C0FCEA82EAD9EF6002B14D6 /* Products */ = {
			isa = PBXGroup;
			children = (
				1C0FCEA72EAD9EF6002B14D6 /* WhatEatingApp.app */,
				1C0FCEB72EAD9EF9002B14D6 /* WhatEatingAppTests.xctest */,
				1C0FCEC12EAD9EF9002B14D6 /* WhatEatingAppUITests.xctest */,
			);
			name = Products;
			sourceTree = "<group>";
		};
		1C0FCEBA2EAD9EF9002B14D6 /* WhatEatingAppTests */ = {
			isa = PBXGroup;
			children = (
				1C0FCEBB2EAD9EF9002B14D6 /* WhatEatingAppTests.swift */,
			);
			path = WhatEatingAppTests;
			sourceTree = "<group>";
		};
		1C0FCEC42EAD9EF9002B14D6 /* WhatEatingAppUITests */ = {
			isa = PBXGroup;
			children = (
				1C0FCEC52EAD9EF9002B14D6 /* WhatEatingAppUITests.swift */,
				1C0FCEC72EAD9EF9002B14D6 /* WhatEatingAppUITestsLaunchTests.swift */,
			);
			path = WhatEatingAppUITests;
			sourceTree = "<group>";
		};
		1C0FCF0C2EADB3B3002B14D6 /* WhatEatingApp */ = {
			isa = PBXGroup;
			children = (
				1C0FCF0D2EADB3B3002B14D6 /* WhatEatingAppApp.swift */,
				1C0FCF0E2EADB3B3002B14D6 /* Assets.xcassets */,
				1C0FCF0F2EADB3B3002B14D6 /* Models */,
				1C0FCF112EADB3B3002B14D6 /* Preview Content */,
				1C0FCF132EADB3B3002B14D6 /* Views */,
				1C0FCF1C2EADB3B3002B14D6 /* ContentView.swift */,
				1C0FCF1D2EADB3B3002B14D6 /* Services */,
			);
			path = WhatEatingApp;
			sourceTree = "<group>";
		};
		1C0FCF0F2EADB3B3002B14D6 /* Models */ = {
			isa = PBXGroup;
			children = (
				1C0FCF102EADB3B3002B14D6 /* Dish.swift */,
			);
			path = Models;
			sourceTree = "<group>";
		};
		1C0FCF112EADB3B3002B14D6 /* Preview Content */ = {
			isa = PBXGroup;
			children = (
				1C0FCF122EADB3B3002B14D6 /* Preview Assets.xcassets */,
			);
			path = "Preview Content";
			sourceTree = "<group>";
		};
		1C0FCF132EADB3B3002B14D6 /* Views */ = {
			isa = PBXGroup;
			children = (
				1C0FCF142EADB3B3002B14D6 /* MainTabView.swift */,
				1C0FCF152EADB3B3002B14D6 /* ResultDisplayView.swift */,
				1C0FCF162EADB3B3002B14D6 /* ProfileView.swift */,
				1C0FCF172EADB3B3002B14D6 /* HomeView.swift */,
				1C0FCF182EADB3B3002B14D6 /* ActionButtonView.swift */,
				1C0FCF192EADB3B3002B14D6 /* HeaderView.swift */,
				1C0FCF1A2EADB3B3002B14D6 /* InputSectionView.swift */,
				1C0FCF1B2EADB3B3002B14D6 /* CustomTabBar.swift */,
			);
			path = Views;
			sourceTree = "<group>";
		};
		1C0FCF1D2EADB3B3002B14D6 /* Services */ = {
			isa = PBXGroup;
			children = (
				1C0FCF1E2EADB3B3002B14D6 /* APIService.swift */,
			);
			path = Services;
			sourceTree = "<group>";
		};
/* End PBXGroup section */

/* Begin PBXNativeTarget section */
		1C0FCEA62EAD9EF6002B14D6 /* WhatEatingApp */ = {
			isa = PBXNativeTarget;
			buildConfigurationList = 1C0FCECB2EAD9EF9002B14D6 /* Build configuration list for PBXNativeTarget "WhatEatingApp" */;
			buildPhases = (
				1C0FCEA32EAD9EF6002B14D6 /* Sources */,
				1C0FCEA42EAD9EF6002B14D6 /* Frameworks */,
				1C0FCEA52EAD9EF6002B14D6 /* Resources */,
			);
			buildRules = (
			);
			dependencies = (
			);
			name = WhatEatingApp;
			productName = WhatEatingApp;
			productReference = 1C0FCEA72EAD9EF6002B14D6 /* WhatEatingApp.app */;
			productType = "com.apple.product-type.application";
		};
		1C0FCEB62EAD9EF9002B14D6 /* WhatEatingAppTests */ = {
			isa = PBXNativeTarget;
			buildConfigurationList = 1C0FCECE2EAD9EF9002B14D6 /* Build configuration list for PBXNativeTarget "WhatEatingAppTests" */;
			buildPhases = (
				1C0FCEB32EAD9EF9002B14D6 /* Sources */,
				1C0FCEB42EAD9EF9002B14D6 /* Frameworks */,
				1C0FCEB52EAD9EF9002B14D6 /* Resources */,
			);
			buildRules = (
			);
			dependencies = (
				1C0FCEB92EAD9EF9002B14D6 /* PBXTargetDependency */,
			);
			name = WhatEatingAppTests;
			productName = WhatEatingAppTests;
			productReference = 1C0FCEB72EAD9EF9002B14D6 /* WhatEatingAppTests.xctest */;
			productType = "com.apple.product-type.bundle.unit-test";
		};
		1C0FCEC02EAD9EF9002B14D6 /* WhatEatingAppUITests */ = {
			isa = PBXNativeTarget;
			buildConfigurationList = 1C0FCED12EAD9EF9002B14D6 /* Build configuration list for PBXNativeTarget "WhatEatingAppUITests" */;
			buildPhases = (
				1C0FCEBD2EAD9EF9002B14D6 /* Sources */,
				1C0FCEBE2EAD9EF9002B14D6 /* Frameworks */,
				1C0FCEBF2EAD9EF9002B14D6 /* Resources */,
			);
			buildRules = (
			);
			dependencies = (
				1C0FCEC32EAD9EF9002B14D6 /* PBXTargetDependency */,
			);
			name = WhatEatingAppUITests;
			productName = WhatEatingAppUITests;
			productReference = 1C0FCEC12EAD9EF9002B14D6 /* WhatEatingAppUITests.xctest */;
			productType = "com.apple.product-type.bundle.ui-testing";
		};
/* End PBXNativeTarget section */

/* Begin PBXProject section */
		1C0FCE9F2EAD9EF5002B14D6 /* Project object */ = {
			isa = PBXProject;
			attributes = {
				BuildIndependentTargetsInParallel = 1;
				LastSwiftUpdateCheck = 1520;
				LastUpgradeCheck = 1520;
				TargetAttributes = {
					1C0FCEA62EAD9EF6002B14D6 = {
						CreatedOnToolsVersion = 15.2;
					};
					1C0FCEB62EAD9EF9002B14D6 = {
						CreatedOnToolsVersion = 15.2;
						TestTargetID = 1C0FCEA62EAD9EF6002B14D6;
					};
					1C0FCEC02EAD9EF9002B14D6 = {
						CreatedOnToolsVersion = 15.2;
						TestTargetID = 1C0FCEA62EAD9EF6002B14D6;
					};
				};
			};
			buildConfigurationList = 1C0FCEA22EAD9EF5002B14D6 /* Build configuration list for PBXProject "WhatEatingApp" */;
			compatibilityVersion = "Xcode 14.0";
			developmentRegion = en;
			hasScannedForEncodings = 0;
			knownRegions = (
				en,
				Base,
			);
			mainGroup = 1C0FCE9E2EAD9EF5002B14D6;
			productRefGroup = 1C0FCEA82EAD9EF6002B14D6 /* Products */;
			projectDirPath = "";
			projectRoot = "";
			targets = (
				1C0FCEA62EAD9EF6002B14D6 /* WhatEatingApp */,
				1C0FCEB62EAD9EF9002B14D6 /* WhatEatingAppTests */,
				1C0FCEC02EAD9EF9002B14D6 /* WhatEatingAppUITests */,
			);
		};
/* End PBXProject section */

/* Begin PBXResourcesBuildPhase section */
		1C0FCEA52EAD9EF6002B14D6 /* Resources */ = {
			isa = PBXResourcesBuildPhase;
			buildActionMask = 2147483647;
			files = (
				1C0FCF222EADB3B3002B14D6 /* Preview Assets.xcassets in Resources */,
				1C0FCF202EADB3B3002B14D6 /* Assets.xcassets in Resources */,
			);
			runOnlyForDeploymentPostprocessing = 0;
		};
		1C0FCEB52EAD9EF9002B14D6 /* Resources */ = {
			isa = PBXResourcesBuildPhase;
			buildActionMask = 2147483647;
			files = (
			);
			runOnlyForDeploymentPostprocessing = 0;
		};
		1C0FCEBF2EAD9EF9002B14D6 /* Resources */ = {
			isa = PBXResourcesBuildPhase;
			buildActionMask = 2147483647;
			files = (
			);
			runOnlyForDeploymentPostprocessing = 0;
		};
/* End PBXResourcesBuildPhase section */

/* Begin PBXSourcesBuildPhase section */
		1C0FCEA32EAD9EF6002B14D6 /* Sources */ = {
			isa = PBXSourcesBuildPhase;
			buildActionMask = 2147483647;
			files = (
				1C0FCF1F2EADB3B3002B14D6 /* WhatEatingAppApp.swift in Sources */,
				1C0FCF2B2EADB3B3002B14D6 /* ContentView.swift in Sources */,
				1C0FCF272EADB3B3002B14D6 /* ActionButtonView.swift in Sources */,
				1C0FCF212EADB3B3002B14D6 /* Dish.swift in Sources */,
				1C0FCF252EADB3B3002B14D6 /* ProfileView.swift in Sources */,
				1C0FCF262EADB3B3002B14D6 /* HomeView.swift in Sources */,
				1C0FCF292EADB3B3002B14D6 /* InputSectionView.swift in Sources */,
				1C0FCF2A2EADB3B3002B14D6 /* CustomTabBar.swift in Sources */,
				1C0FCF242EADB3B3002B14D6 /* ResultDisplayView.swift in Sources */,
				1C0FCF232EADB3B3002B14D6 /* MainTabView.swift in Sources */,
				1C0FCF2C2EADB3B3002B14D6 /* APIService.swift in Sources */,
				1C0FCF282EADB3B3002B14D6 /* HeaderView.swift in Sources */,
			);
			runOnlyForDeploymentPostprocessing = 0;
		};
		1C0FCEB32EAD9EF9002B14D6 /* Sources */ = {
			isa = PBXSourcesBuildPhase;
			buildActionMask = 2147483647;
			files = (
				1C0FCEBC2EAD9EF9002B14D6 /* WhatEatingAppTests.swift in Sources */,
			);
			runOnlyForDeploymentPostprocessing = 0;
		};
		1C0FCEBD2EAD9EF9002B14D6 /* Sources */ = {
			isa = PBXSourcesBuildPhase;
			buildActionMask = 2147483647;
			files = (
				1C0FCEC82EAD9EF9002B14D6 /* WhatEatingAppUITestsLaunchTests.swift in Sources */,
				1C0FCEC62EAD9EF9002B14D6 /* WhatEatingAppUITests.swift in Sources */,
			);
			runOnlyForDeploymentPostprocessing = 0;
		};
/* End PBXSourcesBuildPhase section */

/* Begin PBXTargetDependency section */
		1C0FCEB92EAD9EF9002B14D6 /* PBXTargetDependency */ = {
			isa = PBXTargetDependency;
			target = 1C0FCEA62EAD9EF6002B14D6 /* WhatEatingApp */;
			targetProxy = 1C0FCEB82EAD9EF9002B14D6 /* PBXContainerItemProxy */;
		};
		1C0FCEC32EAD9EF9002B14D6 /* PBXTargetDependency */ = {
			isa = PBXTargetDependency;
			target = 1C0FCEA62EAD9EF6002B14D6 /* WhatEatingApp */;
			targetProxy = 1C0FCEC22EAD9EF9002B14D6 /* PBXContainerItemProxy */;
		};
/* End PBXTargetDependency section */

/* Begin XCBuildConfiguration section */
		1C0FCEC92EAD9EF9002B14D6 /* Debug */ = {
			isa = XCBuildConfiguration;
			buildSettings = {
				ALWAYS_SEARCH_USER_PATHS = NO;
				ASSETCATALOG_COMPILER_GENERATE_SWIFT_ASSET_SYMBOL_EXTENSIONS = YES;
				CLANG_ANALYZER_NONNULL = YES;
				CLANG_ANALYZER_NUMBER_OBJECT_CONVERSION = YES_AGGRESSIVE;
				CLANG_CXX_LANGUAGE_STANDARD = "gnu++20";
				CLANG_ENABLE_MODULES = YES;
				CLANG_ENABLE_OBJC_ARC = YES;
				CLANG_ENABLE_OBJC_WEAK = YES;
				CLANG_WARN_BLOCK_CAPTURE_AUTORELEASING = YES;
				CLANG_WARN_BOOL_CONVERSION = YES;
				CLANG_WARN_COMMA = YES;
				CLANG_WARN_CONSTANT_CONVERSION = YES;
				CLANG_WARN_DEPRECATED_OBJC_IMPLEMENTATIONS = YES;
				CLANG_WARN_DIRECT_OBJC_ISA_USAGE = YES_ERROR;
				CLANG_WARN_DOCUMENTATION_COMMENTS = YES;
				CLANG_WARN_EMPTY_BODY = YES;
				CLANG_WARN_ENUM_CONVERSION = YES;
				CLANG_WARN_INFINITE_RECURSION = YES;
				CLANG_WARN_INT_CONVERSION = YES;
				CLANG_WARN_NON_LITERAL_NULL_CONVERSION = YES;
				CLANG_WARN_OBJC_IMPLICIT_RETAIN_SELF = YES;
				CLANG_WARN_OBJC_LITERAL_CONVERSION = YES;
				CLANG_WARN_OBJC_ROOT_CLASS = YES_ERROR;
				CLANG_WARN_QUOTED_INCLUDE_IN_FRAMEWORK_HEADER = YES;
				CLANG_WARN_RANGE_LOOP_ANALYSIS = YES;
				CLANG_WARN_STRICT_PROTOTYPES = YES;
				CLANG_WARN_SUSPICIOUS_MOVE = YES;
				CLANG_WARN_UNGUARDED_AVAILABILITY = YES_AGGRESSIVE;
				CLANG_WARN_UNREACHABLE_CODE = YES;
				CLANG_WARN__DUPLICATE_METHOD_MATCH = YES;
				COPY_PHASE_STRIP = NO;
				DEBUG_INFORMATION_FORMAT = dwarf;
				ENABLE_STRICT_OBJC_MSGSEND = YES;
				ENABLE_TESTABILITY = YES;
				ENABLE_USER_SCRIPT_SANDBOXING = YES;
				GCC_C_LANGUAGE_STANDARD = gnu17;
				GCC_DYNAMIC_NO_PIC = NO;
				GCC_NO_COMMON_BLOCKS = YES;
				GCC_OPTIMIZATION_LEVEL = 0;
				GCC_PREPROCESSOR_DEFINITIONS = (
					"DEBUG=1",
					"$(inherited)",
				);
				GCC_WARN_64_TO_32_BIT_CONVERSION = YES;
				GCC_WARN_ABOUT_RETURN_TYPE = YES_ERROR;
				GCC_WARN_UNDECLARED_SELECTOR = YES;
				GCC_WARN_UNINITIALIZED_AUTOS = YES_AGGRESSIVE;
				GCC_WARN_UNUSED_FUNCTION = YES;
				GCC_WARN_UNUSED_VARIABLE = YES;
				IPHONEOS_DEPLOYMENT_TARGET = 17.2;
				LOCALIZATION_PREFERS_STRING_CATALOGS = YES;
				MTL_ENABLE_DEBUG_INFO = INCLUDE_SOURCE;
				MTL_FAST_MATH = YES;
				ONLY_ACTIVE_ARCH = YES;
				SDKROOT = iphoneos;
				SWIFT_ACTIVE_COMPILATION_CONDITIONS = "DEBUG $(inherited)";
				SWIFT_OPTIMIZATION_LEVEL = "-Onone";
			};
			name = Debug;
		};
		1C0FCECA2EAD9EF9002B14D6 /* Release */ = {
			isa = XCBuildConfiguration;
			buildSettings = {
				ALWAYS_SEARCH_USER_PATHS = NO;
				ASSETCATALOG_COMPILER_GENERATE_SWIFT_ASSET_SYMBOL_EXTENSIONS = YES;
				CLANG_ANALYZER_NONNULL = YES;
				CLANG_ANALYZER_NUMBER_OBJECT_CONVERSION = YES_AGGRESSIVE;
				CLANG_CXX_LANGUAGE_STANDARD = "gnu++20";
				CLANG_ENABLE_MODULES = YES;
				CLANG_ENABLE_OBJC_ARC = YES;
				CLANG_ENABLE_OBJC_WEAK = YES;
				CLANG_WARN_BLOCK_CAPTURE_AUTORELEASING = YES;
				CLANG_WARN_BOOL_CONVERSION = YES;
				CLANG_WARN_COMMA = YES;
				CLANG_WARN_CONSTANT_CONVERSION = YES;
				CLANG_WARN_DEPRECATED_OBJC_IMPLEMENTATIONS = YES;
				CLANG_WARN_DIRECT_OBJC_ISA_USAGE = YES_ERROR;
				CLANG_WARN_DOCUMENTATION_COMMENTS = YES;
				CLANG_WARN_EMPTY_BODY = YES;
				CLANG_WARN_ENUM_CONVERSION = YES;
				CLANG_WARN_INFINITE_RECURSION = YES;
				CLANG_WARN_INT_CONVERSION = YES;
				CLANG_WARN_NON_LITERAL_NULL_CONVERSION = YES;
				CLANG_WARN_OBJC_IMPLICIT_RETAIN_SELF = YES;
				CLANG_WARN_OBJC_LITERAL_CONVERSION = YES;
				CLANG_WARN_OBJC_ROOT_CLASS = YES_ERROR;
				CLANG_WARN_QUOTED_INCLUDE_IN_FRAMEWORK_HEADER = YES;
				CLANG_WARN_RANGE_LOOP_ANALYSIS = YES;
				CLANG_WARN_STRICT_PROTOTYPES = YES;
				CLANG_WARN_SUSPICIOUS_MOVE = YES;
				CLANG_WARN_UNGUARDED_AVAILABILITY = YES_AGGRESSIVE;
				CLANG_WARN_UNREACHABLE_CODE = YES;
				CLANG_WARN__DUPLICATE_METHOD_MATCH = YES;
				COPY_PHASE_STRIP = NO;
				DEBUG_INFORMATION_FORMAT = "dwarf-with-dsym";
				ENABLE_NS_ASSERTIONS = NO;
				ENABLE_STRICT_OBJC_MSGSEND = YES;
				ENABLE_USER_SCRIPT_SANDBOXING = YES;
				GCC_C_LANGUAGE_STANDARD = gnu17;
				GCC_NO_COMMON_BLOCKS = YES;
				GCC_WARN_64_TO_32_BIT_CONVERSION = YES;
				GCC_WARN_ABOUT_RETURN_TYPE = YES_ERROR;
				GCC_WARN_UNDECLARED_SELECTOR = YES;
				GCC_WARN_UNINITIALIZED_AUTOS = YES_AGGRESSIVE;
				GCC_WARN_UNUSED_FUNCTION = YES;
				GCC_WARN_UNUSED_VARIABLE = YES;
				IPHONEOS_DEPLOYMENT_TARGET = 17.2;
				LOCALIZATION_PREFERS_STRING_CATALOGS = YES;
				MTL_ENABLE_DEBUG_INFO = NO;
				MTL_FAST_MATH = YES;
				SDKROOT = iphoneos;
				SWIFT_COMPILATION_MODE = wholemodule;
				VALIDATE_PRODUCT = YES;
			};
			name = Release;
		};
		1C0FCECC2EAD9EF9002B14D6 /* Debug */ = {
			isa = XCBuildConfiguration;
			buildSettings = {
				ASSETCATALOG_COMPILER_APPICON_NAME = AppIcon;
				ASSETCATALOG_COMPILER_GLOBAL_ACCENT_COLOR_NAME = AccentColor;
				CODE_SIGN_STYLE = Automatic;
				CURRENT_PROJECT_VERSION = 1;
				DEVELOPMENT_ASSET_PATHS = "\"WhatEatingApp/Preview Content\"";
				DEVELOPMENT_TEAM = V69PJ3B9X4;
				ENABLE_PREVIEWS = YES;
				GENERATE_INFOPLIST_FILE = YES;
				INFOPLIST_KEY_UIApplicationSceneManifest_Generation = YES;
				INFOPLIST_KEY_UIApplicationSupportsIndirectInputEvents = YES;
				INFOPLIST_KEY_UILaunchScreen_Generation = YES;
				INFOPLIST_KEY_UISupportedInterfaceOrientations_iPad = "UIInterfaceOrientationPortrait UIInterfaceOrientationPortraitUpsideDown UIInterfaceOrientationLandscapeLeft UIInterfaceOrientationLandscapeRight";
				INFOPLIST_KEY_UISupportedInterfaceOrientations_iPhone = "UIInterfaceOrientationPortrait UIInterfaceOrientationLandscapeLeft UIInterfaceOrientationLandscapeRight";
				LD_RUNPATH_SEARCH_PATHS = (
					"$(inherited)",
					"@executable_path/Frameworks",
				);
				MARKETING_VERSION = 1.0;
				PRODUCT_BUNDLE_IDENTIFIER = com.yihu.test.WhatEatingApp;
				PRODUCT_NAME = "$(TARGET_NAME)";
				SWIFT_EMIT_LOC_STRINGS = YES;
				SWIFT_VERSION = 5.0;
				TARGETED_DEVICE_FAMILY = "1,2";
			};
			name = Debug;
		};
		1C0FCECD2EAD9EF9002B14D6 /* Release */ = {
			isa = XCBuildConfiguration;
			buildSettings = {
				ASSETCATALOG_COMPILER_APPICON_NAME = AppIcon;
				ASSETCATALOG_COMPILER_GLOBAL_ACCENT_COLOR_NAME = AccentColor;
				CODE_SIGN_STYLE = Automatic;
				CURRENT_PROJECT_VERSION = 1;
				DEVELOPMENT_ASSET_PATHS = "\"WhatEatingApp/Preview Content\"";
				DEVELOPMENT_TEAM = V69PJ3B9X4;
				ENABLE_PREVIEWS = YES;
				GENERATE_INFOPLIST_FILE = YES;
				INFOPLIST_KEY_UIApplicationSceneManifest_Generation = YES;
				INFOPLIST_KEY_UIApplicationSupportsIndirectInputEvents = YES;
				INFOPLIST_KEY_UILaunchScreen_Generation = YES;
				INFOPLIST_KEY_UISupportedInterfaceOrientations_iPad = "UIInterfaceOrientationPortrait UIInterfaceOrientationPortraitUpsideDown UIInterfaceOrientationLandscapeLeft UIInterfaceOrientationLandscapeRight";
				INFOPLIST_KEY_UISupportedInterfaceOrientations_iPhone = "UIInterfaceOrientationPortrait UIInterfaceOrientationLandscapeLeft UIInterfaceOrientationLandscapeRight";
				LD_RUNPATH_SEARCH_PATHS = (
					"$(inherited)",
					"@executable_path/Frameworks",
				);
				MARKETING_VERSION = 1.0;
				PRODUCT_BUNDLE_IDENTIFIER = com.yihu.test.WhatEatingApp;
				PRODUCT_NAME = "$(TARGET_NAME)";
				SWIFT_EMIT_LOC_STRINGS = YES;
				SWIFT_VERSION = 5.0;
				TARGETED_DEVICE_FAMILY = "1,2";
			};
			name = Release;
		};
		1C0FCECF2EAD9EF9002B14D6 /* Debug */ = {
			isa = XCBuildConfiguration;
			buildSettings = {
				ALWAYS_EMBED_SWIFT_STANDARD_LIBRARIES = YES;
				BUNDLE_LOADER = "$(TEST_HOST)";
				CODE_SIGN_STYLE = Automatic;
				CURRENT_PROJECT_VERSION = 1;
				DEVELOPMENT_TEAM = V69PJ3B9X4;
				GENERATE_INFOPLIST_FILE = YES;
				IPHONEOS_DEPLOYMENT_TARGET = 17.2;
				MARKETING_VERSION = 1.0;
				PRODUCT_BUNDLE_IDENTIFIER = com.yihu.test.WhatEatingAppTests;
				PRODUCT_NAME = "$(TARGET_NAME)";
				SWIFT_EMIT_LOC_STRINGS = NO;
				SWIFT_VERSION = 5.0;
				TARGETED_DEVICE_FAMILY = "1,2";
				TEST_HOST = "$(BUILT_PRODUCTS_DIR)/WhatEatingApp.app/$(BUNDLE_EXECUTABLE_FOLDER_PATH)/WhatEatingApp";
			};
			name = Debug;
		};
		1C0FCED02EAD9EF9002B14D6 /* Release */ = {
			isa = XCBuildConfiguration;
			buildSettings = {
				ALWAYS_EMBED_SWIFT_STANDARD_LIBRARIES = YES;
				BUNDLE_LOADER = "$(TEST_HOST)";
				CODE_SIGN_STYLE = Automatic;
				CURRENT_PROJECT_VERSION = 1;
				DEVELOPMENT_TEAM = V69PJ3B9X4;
				GENERATE_INFOPLIST_FILE = YES;
				IPHONEOS_DEPLOYMENT_TARGET = 17.2;
				MARKETING_VERSION = 1.0;
				PRODUCT_BUNDLE_IDENTIFIER = com.yihu.test.WhatEatingAppTests;
				PRODUCT_NAME = "$(TARGET_NAME)";
				SWIFT_EMIT_LOC_STRINGS = NO;
				SWIFT_VERSION = 5.0;
				TARGETED_DEVICE_FAMILY = "1,2";
				TEST_HOST = "$(BUILT_PRODUCTS_DIR)/WhatEatingApp.app/$(BUNDLE_EXECUTABLE_FOLDER_PATH)/WhatEatingApp";
			};
			name = Release;
		};
		1C0FCED22EAD9EF9002B14D6 /* Debug */ = {
			isa = XCBuildConfiguration;
			buildSettings = {
				ALWAYS_EMBED_SWIFT_STANDARD_LIBRARIES = YES;
				CODE_SIGN_STYLE = Automatic;
				CURRENT_PROJECT_VERSION = 1;
				DEVELOPMENT_TEAM = V69PJ3B9X4;
				GENERATE_INFOPLIST_FILE = YES;
				MARKETING_VERSION = 1.0;
				PRODUCT_BUNDLE_IDENTIFIER = com.yihu.test.WhatEatingAppUITests;
				PRODUCT_NAME = "$(TARGET_NAME)";
				SWIFT_EMIT_LOC_STRINGS = NO;
				SWIFT_VERSION = 5.0;
				TARGETED_DEVICE_FAMILY = "1,2";
				TEST_TARGET_NAME = WhatEatingApp;
			};
			name = Debug;
		};
		1C0FCED32EAD9EF9002B14D6 /* Release */ = {
			isa = XCBuildConfiguration;
			buildSettings = {
				ALWAYS_EMBED_SWIFT_STANDARD_LIBRARIES = YES;
				CODE_SIGN_STYLE = Automatic;
				CURRENT_PROJECT_VERSION = 1;
				DEVELOPMENT_TEAM = V69PJ3B9X4;
				GENERATE_INFOPLIST_FILE = YES;
				MARKETING_VERSION = 1.0;
				PRODUCT_BUNDLE_IDENTIFIER = com.yihu.test.WhatEatingAppUITests;
				PRODUCT_NAME = "$(TARGET_NAME)";
				SWIFT_EMIT_LOC_STRINGS = NO;
				SWIFT_VERSION = 5.0;
				TARGETED_DEVICE_FAMILY = "1,2";
				TEST_TARGET_NAME = WhatEatingApp;
			};
			name = Release;
		};
/* End XCBuildConfiguration section */

/* Begin XCConfigurationList section */
		1C0FCEA22EAD9EF5002B14D6 /* Build configuration list for PBXProject "WhatEatingApp" */ = {
			isa = XCConfigurationList;
			buildConfigurations = (
				1C0FCEC92EAD9EF9002B14D6 /* Debug */,
				1C0FCECA2EAD9EF9002B14D6 /* Release */,
			);
			defaultConfigurationIsVisible = 0;
			defaultConfigurationName = Release;
		};
		1C0FCECB2EAD9EF9002B14D6 /* Build configuration list for PBXNativeTarget "WhatEatingApp" */ = {
			isa = XCConfigurationList;
			buildConfigurations = (
				1C0FCECC2EAD9EF9002B14D6 /* Debug */,
				1C0FCECD2EAD9EF9002B14D6 /* Release */,
			);
			defaultConfigurationIsVisible = 0;
			defaultConfigurationName = Release;
		};
		1C0FCECE2EAD9EF9002B14D6 /* Build configuration list for PBXNativeTarget "WhatEatingAppTests" */ = {
			isa = XCConfigurationList;
			buildConfigurations = (
				1C0FCECF2EAD9EF9002B14D6 /* Debug */,
				1C0FCED02EAD9EF9002B14D6 /* Release */,
			);
			defaultConfigurationIsVisible = 0;
			defaultConfigurationName = Release;
		};
		1C0FCED12EAD9EF9002B14D6 /* Build configuration list for PBXNativeTarget "WhatEatingAppUITests" */ = {
			isa = XCConfigurationList;
			buildConfigurations = (
				1C0FCED22EAD9EF9002B14D6 /* Debug */,
				1C0FCED32EAD9EF9002B14D6 /* Release */,
			);
			defaultConfigurationIsVisible = 0;
			defaultConfigurationName = Release;
		};
/* End XCConfigurationList section */
	};
	rootObject = 1C0FCE9F2EAD9EF5002B14D6 /* Project object */;
}
